{
  "name": "OpenRGBdoodle",
  "lockfileVersion": 3,
  "requires": true,
  "packages": {
    "": {
      "dependencies": {
        "logpare": "^0.1.0"
      }
    },
    "node_modules/logpare": {
      "version": "0.1.0",
      "resolved": "https://registry.npmjs.org/logpare/-/logpare-0.1.0.tgz",
      "integrity": "sha512-zaxbnNiaiGAnTfHyiCqBgOBh3Z2p4V1qpnM5CXTzf5EJefZXIIJxbM5vFos+Z8au6QD9G6OByhFkA/srehE0cQ==",
      "license": "MIT",
      "bin": {
        "logpare": "dist/cli.js"
      },
      "engines": {
        "node": "^20.0.0 || ^22.0.0 || >=24.0.0"
      }
    }
  }
}
